
Microsoft Visual Studio Solution File, Format Version 12.00
# Visual Studio Version 16
VisualStudioVersion = 16.0.29209.62
MinimumVisualStudioVersion = 10.0.40219.1
Project("{FAE04EC0-301F-11D3-BF4B-00C04F79EFBC}") = "ChinookCoreWebAPI", "ChinookCoreWebAPI\ChinookCoreWebAPI.csproj", "{1B62EFD8-941E-43A1-BBB4-EAB37C14A21E}"
EndProject
Global
	GlobalSection(SolutionConfigurationPlatforms) = preSolution
		Debug|Any CPU = Debug|Any CPU
		Release|Any CPU = Release|Any CPU
	EndGlobalSection
	GlobalSection(ProjectConfigurationPlatforms) = postSolution
		{1B62EFD8-941E-43A1-BBB4-EAB37C14A21E}.Debug|Any CPU.ActiveCfg = Debug|Any CPU
		{1B62EFD8-941E-43A1-BBB4-EAB37C14A21E}.Debug|Any CPU.Build.0 = Debug|Any CPU
		{1B62EFD8-941E-43A1-BBB4-EAB37C14A21E}.Release|Any CPU.ActiveCfg = Release|Any CPU
		{1B62EFD8-941E-43A1-BBB4-EAB37C14A21E}.Release|Any CPU.Build.0 = Release|Any CPU
	EndGlobalSection
	GlobalSection(SolutionProperties) = preSolution
		HideSolutionNode = FALSE
	EndGlobalSection
	GlobalSection(ExtensibilityGlobals) = postSolution
		SolutionGuid = {15E512F1-9FD2-4B73-9087-B3FA4C267A3B}
	EndGlobalSection
EndGlobal
